
Microsoft Visual Studio Solution File, Format Version 12.00
# Visual Studio Version 16
VisualStudioVersion = 16.0.31515.178
MinimumVisualStudioVersion = 10.0.40219.1
Project("{9A19103F-16F7-4668-BE54-9A1E7A4F7556}") = "lesson 7 task 1", "lesson 7\lesson 7 task 1.csproj", "{C35A25F4-466D-4E11-8923-B3A8B73D5035}"
EndProject
Project("{FAE04EC0-301F-11D3-BF4B-00C04F79EFBC}") = "task 2", "task 2\task 2.csproj", "{86CF1D2C-6BB2-4671-AF7B-C1E2A82F1ABF}"
EndProject
Global
	GlobalSection(SolutionConfigurationPlatforms) = preSolution
		Debug|Any CPU = Debug|Any CPU
		Release|Any CPU = Release|Any CPU
	EndGlobalSection
	GlobalSection(ProjectConfigurationPlatforms) = postSolution
		{C35A25F4-466D-4E11-8923-B3A8B73D5035}.Debug|Any CPU.ActiveCfg = Debug|Any CPU
		{C35A25F4-466D-4E11-8923-B3A8B73D5035}.Debug|Any CPU.Build.0 = Debug|Any CPU
		{C35A25F4-466D-4E11-8923-B3A8B73D5035}.Release|Any CPU.ActiveCfg = Release|Any CPU
		{C35A25F4-466D-4E11-8923-B3A8B73D5035}.Release|Any CPU.Build.0 = Release|Any CPU
		{86CF1D2C-6BB2-4671-AF7B-C1E2A82F1ABF}.Debug|Any CPU.ActiveCfg = Debug|Any CPU
		{86CF1D2C-6BB2-4671-AF7B-C1E2A82F1ABF}.Debug|Any CPU.Build.0 = Debug|Any CPU
		{86CF1D2C-6BB2-4671-AF7B-C1E2A82F1ABF}.Release|Any CPU.ActiveCfg = Release|Any CPU
		{86CF1D2C-6BB2-4671-AF7B-C1E2A82F1ABF}.Release|Any CPU.Build.0 = Release|Any CPU
	EndGlobalSection
	GlobalSection(SolutionProperties) = preSolution
		HideSolutionNode = FALSE
	EndGlobalSection
	GlobalSection(ExtensibilityGlobals) = postSolution
		SolutionGuid = {F7A538FD-147F-40E3-99BA-300A0F539360}
	EndGlobalSection
EndGlobal
